Microsoft Visual Studio Solution File, Format Version 11.00
# Visual Studio 2008

Project("{09D46C85-18F5-5A70-6F0D-8A283DC1BD35}") = "MobileGameDemo", "Assembly-CSharp-firstpass-vs.csproj", "{915FB2BC-EF2D-679A-79F2-A8B01E99B7A2}"
EndProject
Project("{09D46C85-18F5-5A70-6F0D-8A283DC1BD35}") = "MobileGameDemo", "Assembly-CSharp-vs.csproj", "{833ABF12-92A0-8284-201C-76762FE002EB}"
EndProject
Project("{09D46C85-18F5-5A70-6F0D-8A283DC1BD35}") = "MobileGameDemo", "Assembly-CSharp-Editor-vs.csproj", "{1AFE2968-A31A-5102-D47D-E3990B3C7CC1}"
EndProject
Global
	GlobalSection(SolutionConfigurationPlatforms) = preSolution
		Debug|Any CPU = Debug|Any CPU
		Release|Any CPU = Release|Any CPU
	EndGlobalSection
	GlobalSection(ProjectConfigurationPlatforms) = postSolution
		{915FB2BC-EF2D-679A-79F2-A8B01E99B7A2}.Debug|Any CPU.ActiveCfg = Debug|Any CPU
		{915FB2BC-EF2D-679A-79F2-A8B01E99B7A2}.Debug|Any CPU.Build.0 = Debug|Any CPU
		{915FB2BC-EF2D-679A-79F2-A8B01E99B7A2}.Release|Any CPU.ActiveCfg = Release|Any CPU
		{915FB2BC-EF2D-679A-79F2-A8B01E99B7A2}.Release|Any CPU.Build.0 = Release|Any CPU
		{833ABF12-92A0-8284-201C-76762FE002EB}.Debug|Any CPU.ActiveCfg = Debug|Any CPU
		{833ABF12-92A0-8284-201C-76762FE002EB}.Debug|Any CPU.Build.0 = Debug|Any CPU
		{833ABF12-92A0-8284-201C-76762FE002EB}.Release|Any CPU.ActiveCfg = Release|Any CPU
		{833ABF12-92A0-8284-201C-76762FE002EB}.Release|Any CPU.Build.0 = Release|Any CPU
		{1AFE2968-A31A-5102-D47D-E3990B3C7CC1}.Debug|Any CPU.ActiveCfg = Debug|Any CPU
		{1AFE2968-A31A-5102-D47D-E3990B3C7CC1}.Debug|Any CPU.Build.0 = Debug|Any CPU
		{1AFE2968-A31A-5102-D47D-E3990B3C7CC1}.Release|Any CPU.ActiveCfg = Release|Any CPU
		{1AFE2968-A31A-5102-D47D-E3990B3C7CC1}.Release|Any CPU.Build.0 = Release|Any CPU
	EndGlobalSection
	GlobalSection(SolutionProperties) = preSolution
		HideSolutionNode = FALSE
	EndGlobalSection
					GlobalSection(MonoDevelopProperties) = preSolution
		StartupItem = Assembly-CSharp.csproj
		Policies = $0
		$0.TextStylePolicy = $1
		$1.inheritsSet = null
		$1.scope = text/x-csharp
		$0.CSharpFormattingPolicy = $2
		$2.AnonymousMethodBraceStyle = NextLine
		$2.PropertyBraceStyle = NextLine
		$2.PropertyGetBraceStyle = NextLine
		$2.PropertySetBraceStyle = NextLine
		$2.EventBraceStyle = NextLine
		$2.EventAddBraceStyle = NextLine
		$2.StatementBraceStyle = NextLine
		$2.IfElseBraceForcement = AddBraces
		$2.ForBraceForcement = AddBraces
		$2.WhileBraceForcement = AddBraces
		$2.UsingBraceForcement = AddBraces
		$2.FixedBraceForcement = AddBraces
		$2.BeforeMethodDeclarationParentheses = False
		$2.WithinMethodDeclarationParentheses = True
		$2.BeforeMethodCallParentheses = False
		$2.WithinMethodCallParentheses = True
		$2.BeforeDelegateDeclarationParentheses = False
		$2.NewParentheses = False
		$2.SwitchParentheses = False
		$2.WithinIfParentheses = True
		$2.WithinForParentheses = True
		$2.WithinForEachParentheses = True
		$2.WithinSwitchParentheses = True
		$2.WithinNewParentheses = True
		$2.inheritsSet = Mono
		$2.inheritsScope = text/x-csharp
		$2.scope = text/x-csharp
		$0.TextStylePolicy = $3
		$3.FileWidth = 120
		$3.TabsToSpaces = False
		$3.EolMarker = Unix
		$3.inheritsSet = VisualStudio
		$3.inheritsScope = text/plain
		$3.scope = text/plain
	EndGlobalSection

EndGlobal
